
Microsoft Visual Studio Solution File, Format Version 12.00
# Visual Studio Express 2013 for Windows Desktop
VisualStudioVersion = 12.0.31101.0
MinimumVisualStudioVersion = 10.0.40219.1
Project("{FAE04EC0-301F-11D3-BF4B-00C04F79EFBC}") = "WorldCraft", "WorldCraft\WorldCraft\WorldCraft.csproj", "{EFDA1C08-1BA5-4CB7-A188-21E60CD1EE61}"
EndProject
Project("{FAE04EC0-301F-11D3-BF4B-00C04F79EFBC}") = "WorldCraftContent", "WorldCraft\WorldCraftContent\WorldCraftContent.contentproj", "{B56E907D-E484-40DA-AD65-046780D558F9}"
EndProject
Project("{FAE04EC0-301F-11D3-BF4B-00C04F79EFBC}") = "Utility", "Utility\Utility.csproj", "{9D33977E-DC02-4E68-8A4B-C2C6BB60EECA}"
EndProject
Global
	GlobalSection(SolutionConfigurationPlatforms) = preSolution
		Debug|Any CPU = Debug|Any CPU
		Debug|Mixed Platforms = Debug|Mixed Platforms
		Debug|x86 = Debug|x86
		Release|Any CPU = Release|Any CPU
		Release|Mixed Platforms = Release|Mixed Platforms
		Release|x86 = Release|x86
	EndGlobalSection
	GlobalSection(ProjectConfigurationPlatforms) = postSolution
		{EFDA1C08-1BA5-4CB7-A188-21E60CD1EE61}.Debug|Any CPU.ActiveCfg = Debug|x86
		{EFDA1C08-1BA5-4CB7-A188-21E60CD1EE61}.Debug|Mixed Platforms.ActiveCfg = Debug|x86
		{EFDA1C08-1BA5-4CB7-A188-21E60CD1EE61}.Debug|Mixed Platforms.Build.0 = Debug|x86
		{EFDA1C08-1BA5-4CB7-A188-21E60CD1EE61}.Debug|x86.ActiveCfg = Debug|x86
		{EFDA1C08-1BA5-4CB7-A188-21E60CD1EE61}.Debug|x86.Build.0 = Debug|x86
		{EFDA1C08-1BA5-4CB7-A188-21E60CD1EE61}.Release|Any CPU.ActiveCfg = Release|x86
		{EFDA1C08-1BA5-4CB7-A188-21E60CD1EE61}.Release|Mixed Platforms.ActiveCfg = Release|x86
		{EFDA1C08-1BA5-4CB7-A188-21E60CD1EE61}.Release|Mixed Platforms.Build.0 = Release|x86
		{EFDA1C08-1BA5-4CB7-A188-21E60CD1EE61}.Release|x86.ActiveCfg = Release|x86
		{EFDA1C08-1BA5-4CB7-A188-21E60CD1EE61}.Release|x86.Build.0 = Release|x86
		{B56E907D-E484-40DA-AD65-046780D558F9}.Debug|Any CPU.ActiveCfg = Debug|x86
		{B56E907D-E484-40DA-AD65-046780D558F9}.Debug|Mixed Platforms.ActiveCfg = Debug|x86
		{B56E907D-E484-40DA-AD65-046780D558F9}.Debug|x86.ActiveCfg = Debug|x86
		{B56E907D-E484-40DA-AD65-046780D558F9}.Release|Any CPU.ActiveCfg = Release|x86
		{B56E907D-E484-40DA-AD65-046780D558F9}.Release|Mixed Platforms.ActiveCfg = Release|x86
		{B56E907D-E484-40DA-AD65-046780D558F9}.Release|x86.ActiveCfg = Release|x86
		{9D33977E-DC02-4E68-8A4B-C2C6BB60EECA}.Debug|Any CPU.ActiveCfg = Debug|x86
		{9D33977E-DC02-4E68-8A4B-C2C6BB60EECA}.Debug|Mixed Platforms.ActiveCfg = Debug|x86
		{9D33977E-DC02-4E68-8A4B-C2C6BB60EECA}.Debug|Mixed Platforms.Build.0 = Debug|x86
		{9D33977E-DC02-4E68-8A4B-C2C6BB60EECA}.Debug|x86.ActiveCfg = Debug|x86
		{9D33977E-DC02-4E68-8A4B-C2C6BB60EECA}.Debug|x86.Build.0 = Debug|x86
		{9D33977E-DC02-4E68-8A4B-C2C6BB60EECA}.Release|Any CPU.ActiveCfg = Release|x86
		{9D33977E-DC02-4E68-8A4B-C2C6BB60EECA}.Release|Mixed Platforms.ActiveCfg = Release|x86
		{9D33977E-DC02-4E68-8A4B-C2C6BB60EECA}.Release|Mixed Platforms.Build.0 = Release|x86
		{9D33977E-DC02-4E68-8A4B-C2C6BB60EECA}.Release|x86.ActiveCfg = Release|x86
		{9D33977E-DC02-4E68-8A4B-C2C6BB60EECA}.Release|x86.Build.0 = Release|x86
	EndGlobalSection
	GlobalSection(SolutionProperties) = preSolution
		HideSolutionNode = FALSE
	EndGlobalSection
EndGlobal
